{
  "version": "5",
  "specifiers": {
    "jsr:@std/cli@1.0.25": "1.0.25",
    "jsr:@std/encoding@*": "1.0.10",
    "jsr:@std/internal@^1.0.10": "1.0.12",
    "jsr:@std/path@*": "1.1.2"
  },
  "jsr": {
    "@std/cli@1.0.25": {
      "integrity": "1f85051b370c97a7a9dfc6ba626e7ed57a91bea8c081597276d1e78d929d8c91"
    },
    "@std/encoding@1.0.10": {
      "integrity": "8783c6384a2d13abd5e9e87a7ae0520a30e9f56aeeaa3bdf910a3eaaf5c811a1"
    },
    "@std/internal@1.0.12": {
      "integrity": "972a634fd5bc34b242024402972cd5143eac68d8dffaca5eaa4dba30ce17b027"
    },
    "@std/path@1.1.2": {
      "integrity": "c0b13b97dfe06546d5e16bf3966b1cadf92e1cc83e56ba5476ad8b498d9e3038",
      "dependencies": [
        "jsr:@std/internal"
      ]
    }
  }
}
